
Microsoft Visual Studio Solution File, Format Version 11.00
# Visual Studio 2010
Project("{FAE04EC0-301F-11D3-BF4B-00C04F79EFBC}") = "AppSumapromedio", "AppSumapromedio\AppSumapromedio.csproj", "{1FC0EAF5-699C-4757-B218-29BBF6888AAD}"
EndProject
Global
	GlobalSection(SolutionConfigurationPlatforms) = preSolution
		Debug|x86 = Debug|x86
		Release|x86 = Release|x86
	EndGlobalSection
	GlobalSection(ProjectConfigurationPlatforms) = postSolution
		{1FC0EAF5-699C-4757-B218-29BBF6888AAD}.Debug|x86.ActiveCfg = Debug|x86
		{1FC0EAF5-699C-4757-B218-29BBF6888AAD}.Debug|x86.Build.0 = Debug|x86
		{1FC0EAF5-699C-4757-B218-29BBF6888AAD}.Release|x86.ActiveCfg = Release|x86
		{1FC0EAF5-699C-4757-B218-29BBF6888AAD}.Release|x86.Build.0 = Release|x86
	EndGlobalSection
	GlobalSection(MonoDevelopProperties) = preSolution
		StartupItem = AppSumapromedio\AppSumapromedio.csproj
	EndGlobalSection
EndGlobal
